
Microsoft Visual Studio Solution File, Format Version 12.00
# Visual Studio Version 17
VisualStudioVersion = 17.0.31903.59
MinimumVisualStudioVersion = 10.0.40219.1
Project("{FAE04EC0-301F-11D3-BF4B-00C04F79EFBC}") = "ZipishLens", "ZipishLens\ZipishLens.csproj", "{F438E8AF-16BA-4E0F-AC27-D56AE282C128}"
EndProject
Global
	GlobalSection(SolutionConfigurationPlatforms) = preSolution
		Debug|Any CPU = Debug|Any CPU
		Release|Any CPU = Release|Any CPU
	EndGlobalSection
	GlobalSection(SolutionProperties) = preSolution
		HideSolutionNode = FALSE
	EndGlobalSection
	GlobalSection(ProjectConfigurationPlatforms) = postSolution
		{F438E8AF-16BA-4E0F-AC27-D56AE282C128}.Debug|Any CPU.ActiveCfg = Debug|Any CPU
		{F438E8AF-16BA-4E0F-AC27-D56AE282C128}.Debug|Any CPU.Build.0 = Debug|Any CPU
		{F438E8AF-16BA-4E0F-AC27-D56AE282C128}.Release|Any CPU.ActiveCfg = Release|Any CPU
		{F438E8AF-16BA-4E0F-AC27-D56AE282C128}.Release|Any CPU.Build.0 = Release|Any CPU
	EndGlobalSection
EndGlobal
